
Microsoft Visual Studio Solution File, Format Version 12.00
# Visual Studio Version 17
VisualStudioVersion = 17.11.35303.130
MinimumVisualStudioVersion = 10.0.40219.1
Project("{FAE04EC0-301F-11D3-BF4B-00C04F79EFBC}") = "OnlineCommercialAutomation", "OnlineCommercialAutomation\OnlineCommercialAutomation.csproj", "{F6D3E36F-CDD8-4943-A8E4-553ABDC974EF}"
EndProject
Global
	GlobalSection(SolutionConfigurationPlatforms) = preSolution
		Debug|Any CPU = Debug|Any CPU
		Release|Any CPU = Release|Any CPU
	EndGlobalSection
	GlobalSection(ProjectConfigurationPlatforms) = postSolution
		{F6D3E36F-CDD8-4943-A8E4-553ABDC974EF}.Debug|Any CPU.ActiveCfg = Debug|Any CPU
		{F6D3E36F-CDD8-4943-A8E4-553ABDC974EF}.Debug|Any CPU.Build.0 = Debug|Any CPU
		{F6D3E36F-CDD8-4943-A8E4-553ABDC974EF}.Release|Any CPU.ActiveCfg = Release|Any CPU
		{F6D3E36F-CDD8-4943-A8E4-553ABDC974EF}.Release|Any CPU.Build.0 = Release|Any CPU
	EndGlobalSection
	GlobalSection(SolutionProperties) = preSolution
		HideSolutionNode = FALSE
	EndGlobalSection
	GlobalSection(ExtensibilityGlobals) = postSolution
		SolutionGuid = {41D22A0C-A724-486C-B4EC-EC98C90FEAD9}
	EndGlobalSection
EndGlobal
